// !$*UTF8*$!
{
	archiveVersion = 1;
	classes = {
	};
	objectVersion = 46;
	objects = {

/* Begin PBXBuildFile section */
		4B03D3001926227F001293B9 /* DSMenu.icns in Resources */ = {isa = PBXBuildFile; fileRef = 4B03D2FF1926227F001293B9 /* DSMenu.icns */; };
		4B03D302192630A0001293B9 /* TODO.md in Resources */ = {isa = PBXBuildFile; fileRef = 4B03D301192630A0001293B9 /* TODO.md */; };
		4B0714B11927F2D1004F3128 /* DSMLoginWindowController.m in Sources */ = {isa = PBXBuildFile; fileRef = 4B0714B01927F2D1004F3128 /* DSMLoginWindowController.m */; };
		4B2C28641931EC0A00BF9974 /* DSMOpenURLWindowController.m in Sources */ = {isa = PBXBuildFile; fileRef = 4B2C28621931EC0A00BF9974 /* DSMOpenURLWindowController.m */; };
		4B3C0AF4192550650076B3A1 /* DSMConnector.m in Sources */ = {isa = PBXBuildFile; fileRef = 4B3C0AF3192550650076B3A1 /* DSMConnector.m */; };
		4B53150A1924CA0600085143 /* Cocoa.framework in Frameworks */ = {isa = PBXBuildFile; fileRef = 4B5315091924CA0600085143 /* Cocoa.framework */; };
		4B5315141924CA0600085143 /* InfoPlist.strings in Resources */ = {isa = PBXBuildFile; fileRef = 4B5315121924CA0600085143 /* InfoPlist.strings */; };
		4B5315161924CA0600085143 /* main.m in Sources */ = {isa = PBXBuildFile; fileRef = 4B5315151924CA0600085143 /* main.m */; };
		4B53151D1924CA0600085143 /* DSMAppDelegate.m in Sources */ = {isa = PBXBuildFile; fileRef = 4B53151C1924CA0600085143 /* DSMAppDelegate.m */; };
		4B5315201924CA0600085143 /* MainMenu.xib in Resources */ = {isa = PBXBuildFile; fileRef = 4B53151E1924CA0600085143 /* MainMenu.xib */; };
		4B5315221924CA0600085143 /* Images.xcassets in Resources */ = {isa = PBXBuildFile; fileRef = 4B5315211924CA0600085143 /* Images.xcassets */; };
		4B5315291924CA0600085143 /* XCTest.framework in Frameworks */ = {isa = PBXBuildFile; fileRef = 4B5315281924CA0600085143 /* XCTest.framework */; };
		4B53152A1924CA0600085143 /* Cocoa.framework in Frameworks */ = {isa = PBXBuildFile; fileRef = 4B5315091924CA0600085143 /* Cocoa.framework */; };
		4B5315321924CA0600085143 /* InfoPlist.strings in Resources */ = {isa = PBXBuildFile; fileRef = 4B5315301924CA0600085143 /* InfoPlist.strings */; };
		4B5315341924CA0600085143 /* DSMenuTests.m in Sources */ = {isa = PBXBuildFile; fileRef = 4B5315331924CA0600085143 /* DSMenuTests.m */; };
		4B812C96194071BE004FD60A /* SLAIntegerTransformer.m in Sources */ = {isa = PBXBuildFile; fileRef = 4B812C95194071BE004FD60A /* SLAIntegerTransformer.m */; };
		4B85E832193A16AD00214CB5 /* Torrent.icns in Resources */ = {isa = PBXBuildFile; fileRef = 4B85E831193A16AD00214CB5 /* Torrent.icns */; };
		4BC5E5B6194842080094FAB5 /* Localizable.strings in Resources */ = {isa = PBXBuildFile; fileRef = 4BC5E5B8194842080094FAB5 /* Localizable.strings */; };
		4BC98F2D1944892A0001B9BB /* SLALinkFieldView.m in Sources */ = {isa = PBXBuildFile; fileRef = 4BC98F2C1944892A0001B9BB /* SLALinkFieldView.m */; };
		4BC9A28219474316006C3B44 /* Sparkle.framework in Frameworks */ = {isa = PBXBuildFile; fileRef = 4BC9A28119474316006C3B44 /* Sparkle.framework */; };
		4BC9A284194746B6006C3B44 /* Sparkle.framework in CopyFiles */ = {isa = PBXBuildFile; fileRef = 4BC9A28119474316006C3B44 /* Sparkle.framework */; settings = {ATTRIBUTES = (CodeSignOnCopy, ); }; };
		4BCA997419348D790023D906 /* DSMWindowController.m in Sources */ = {isa = PBXBuildFile; fileRef = 4BCA997219348D790023D906 /* DSMWindowController.m */; };
		4BCA997819354BCF0023D906 /* DSMAboutWindowController.m in Sources */ = {isa = PBXBuildFile; fileRef = 4BCA997719354BCF0023D906 /* DSMAboutWindowController.m */; };
		4BD5E7C71933E5DF0032FC86 /* Magnet.icns in Resources */ = {isa = PBXBuildFile; fileRef = 4BD5E7C61933E5DF0032FC86 /* Magnet.icns */; };
/* End PBXBuildFile section */

/* Begin PBXContainerItemProxy section */
		4B53152B1924CA0600085143 /* PBXContainerItemProxy */ = {
			isa = PBXContainerItemProxy;
			containerPortal = 4B5314FE1924CA0600085143 /* Project object */;
			proxyType = 1;
			remoteGlobalIDString = 4B5315051924CA0600085143;
			remoteInfo = DSMenu;
		};
/* End PBXContainerItemProxy section */

/* Begin PBXCopyFilesBuildPhase section */
		4BC9A283194746A6006C3B44 /* CopyFiles */ = {
			isa = PBXCopyFilesBuildPhase;
			buildActionMask = 2147483647;
			dstPath = "";
			dstSubfolderSpec = 10;
			files = (
				4BC9A284194746B6006C3B44 /* Sparkle.framework in CopyFiles */,
			);
			runOnlyForDeploymentPostprocessing = 0;
		};
/* End PBXCopyFilesBuildPhase section */

/* Begin PBXFileReference section */
		4B03D2FF1926227F001293B9 /* DSMenu.icns */ = {isa = PBXFileReference; lastKnownFileType = image.icns; path = DSMenu.icns; sourceTree = "<group>"; };
		4B03D301192630A0001293B9 /* TODO.md */ = {isa = PBXFileReference; fileEncoding = 4; lastKnownFileType = text; path = TODO.md; sourceTree = "<group>"; };
		4B0714AF1927F2D1004F3128 /* DSMLoginWindowController.h */ = {isa = PBXFileReference; fileEncoding = 4; lastKnownFileType = sourcecode.c.h; name = DSMLoginWindowController.h; path = Classes/DSMLoginWindowController.h; sourceTree = "<group>"; };
		4B0714B01927F2D1004F3128 /* DSMLoginWindowController.m */ = {isa = PBXFileReference; fileEncoding = 4; lastKnownFileType = sourcecode.c.objc; name = DSMLoginWindowController.m; path = Classes/DSMLoginWindowController.m; sourceTree = "<group>"; };
		4B2C28611931EC0A00BF9974 /* DSMOpenURLWindowController.h */ = {isa = PBXFileReference; fileEncoding = 4; lastKnownFileType = sourcecode.c.h; name = DSMOpenURLWindowController.h; path = Classes/DSMOpenURLWindowController.h; sourceTree = "<group>"; };
		4B2C28621931EC0A00BF9974 /* DSMOpenURLWindowController.m */ = {isa = PBXFileReference; fileEncoding = 4; lastKnownFileType = sourcecode.c.objc; name = DSMOpenURLWindowController.m; path = Classes/DSMOpenURLWindowController.m; sourceTree = "<group>"; };
		4B3C0AF2192550650076B3A1 /* DSMConnector.h */ = {isa = PBXFileReference; fileEncoding = 4; lastKnownFileType = sourcecode.c.h; name = DSMConnector.h; path = Classes/DSMConnector.h; sourceTree = "<group>"; };
		4B3C0AF3192550650076B3A1 /* DSMConnector.m */ = {isa = PBXFileReference; fileEncoding = 4; lastKnownFileType = sourcecode.c.objc; name = DSMConnector.m; path = Classes/DSMConnector.m; sourceTree = "<group>"; };
		4B3C0AF51925517B0076B3A1 /* DSMenu.entitlements */ = {isa = PBXFileReference; lastKnownFileType = text.xml; path = DSMenu.entitlements; sourceTree = "<group>"; };
		4B5315061924CA0600085143 /* DSMenu.app */ = {isa = PBXFileReference; explicitFileType = wrapper.application; includeInIndex = 0; path = DSMenu.app; sourceTree = BUILT_PRODUCTS_DIR; };
		4B5315091924CA0600085143 /* Cocoa.framework */ = {isa = PBXFileReference; lastKnownFileType = wrapper.framework; name = Cocoa.framework; path = System/Library/Frameworks/Cocoa.framework; sourceTree = SDKROOT; };
		4B53150C1924CA0600085143 /* AppKit.framework */ = {isa = PBXFileReference; lastKnownFileType = wrapper.framework; name = AppKit.framework; path = System/Library/Frameworks/AppKit.framework; sourceTree = SDKROOT; };
		4B53150D1924CA0600085143 /* CoreData.framework */ = {isa = PBXFileReference; lastKnownFileType = wrapper.framework; name = CoreData.framework; path = System/Library/Frameworks/CoreData.framework; sourceTree = SDKROOT; };
		4B53150E1924CA0600085143 /* Foundation.framework */ = {isa = PBXFileReference; lastKnownFileType = wrapper.framework; name = Foundation.framework; path = System/Library/Frameworks/Foundation.framework; sourceTree = SDKROOT; };
		4B5315111924CA0600085143 /* DSMenu-Info.plist */ = {isa = PBXFileReference; lastKnownFileType = text.plist.xml; path = "DSMenu-Info.plist"; sourceTree = "<group>"; };
		4B5315131924CA0600085143 /* en */ = {isa = PBXFileReference; lastKnownFileType = text.plist.strings; name = en; path = en.lproj/InfoPlist.strings; sourceTree = "<group>"; };
		4B5315151924CA0600085143 /* main.m */ = {isa = PBXFileReference; lastKnownFileType = sourcecode.c.objc; path = main.m; sourceTree = "<group>"; };
		4B5315171924CA0600085143 /* DSMenu-Prefix.pch */ = {isa = PBXFileReference; lastKnownFileType = sourcecode.c.h; path = "DSMenu-Prefix.pch"; sourceTree = "<group>"; };
		4B53151B1924CA0600085143 /* DSMAppDelegate.h */ = {isa = PBXFileReference; lastKnownFileType = sourcecode.c.h; path = DSMAppDelegate.h; sourceTree = "<group>"; };
		4B53151C1924CA0600085143 /* DSMAppDelegate.m */ = {isa = PBXFileReference; lastKnownFileType = sourcecode.c.objc; path = DSMAppDelegate.m; sourceTree = "<group>"; };
		4B53151F1924CA0600085143 /* Base */ = {isa = PBXFileReference; lastKnownFileType = file.xib; name = Base; path = Base.lproj/MainMenu.xib; sourceTree = "<group>"; };
		4B5315211924CA0600085143 /* Images.xcassets */ = {isa = PBXFileReference; lastKnownFileType = folder.assetcatalog; path = Images.xcassets; sourceTree = "<group>"; };
		4B5315271924CA0600085143 /* DSMenuTests.xctest */ = {isa = PBXFileReference; explicitFileType = wrapper.cfbundle; includeInIndex = 0; path = DSMenuTests.xctest; sourceTree = BUILT_PRODUCTS_DIR; };
		4B5315281924CA0600085143 /* XCTest.framework */ = {isa = PBXFileReference; lastKnownFileType = wrapper.framework; name = XCTest.framework; path = Library/Frameworks/XCTest.framework; sourceTree = DEVELOPER_DIR; };
		4B53152F1924CA0600085143 /* DSMenuTests-Info.plist */ = {isa = PBXFileReference; lastKnownFileType = text.plist.xml; path = "DSMenuTests-Info.plist"; sourceTree = "<group>"; };
		4B5315311924CA0600085143 /* en */ = {isa = PBXFileReference; lastKnownFileType = text.plist.strings; name = en; path = en.lproj/InfoPlist.strings; sourceTree = "<group>"; };
		4B5315331924CA0600085143 /* DSMenuTests.m */ = {isa = PBXFileReference; lastKnownFileType = sourcecode.c.objc; path = DSMenuTests.m; sourceTree = "<group>"; };
		4B812C94194071BE004FD60A /* SLAIntegerTransformer.h */ = {isa = PBXFileReference; fileEncoding = 4; lastKnownFileType = sourcecode.c.h; name = SLAIntegerTransformer.h; path = Classes/SLAIntegerTransformer.h; sourceTree = "<group>"; };
		4B812C95194071BE004FD60A /* SLAIntegerTransformer.m */ = {isa = PBXFileReference; fileEncoding = 4; lastKnownFileType = sourcecode.c.objc; name = SLAIntegerTransformer.m; path = Classes/SLAIntegerTransformer.m; sourceTree = "<group>"; };
		4B85E831193A16AD00214CB5 /* Torrent.icns */ = {isa = PBXFileReference; lastKnownFileType = image.icns; path = Torrent.icns; sourceTree = "<group>"; };
		4BC5E5B7194842080094FAB5 /* en */ = {isa = PBXFileReference; fileEncoding = 4; lastKnownFileType = text.plist.strings; name = en; path = en.lproj/Localizable.strings; sourceTree = "<group>"; };
		4BC5E5BA194842C80094FAB5 /* de */ = {isa = PBXFileReference; fileEncoding = 4; lastKnownFileType = text.plist.strings; name = de; path = de.lproj/Localizable.strings; sourceTree = "<group>"; };
		4BC5E5BB194842C80094FAB5 /* de */ = {isa = PBXFileReference; lastKnownFileType = text.plist.strings; name = de; path = de.lproj/InfoPlist.strings; sourceTree = "<group>"; };
		4BC5E5BC194842C80094FAB5 /* de */ = {isa = PBXFileReference; lastKnownFileType = text.plist.strings; name = de; path = de.lproj/InfoPlist.strings; sourceTree = "<group>"; };
		4BC5E5BE1948443F0094FAB5 /* en */ = {isa = PBXFileReference; lastKnownFileType = text.plist.strings; name = en; path = en.lproj/MainMenu.strings; sourceTree = "<group>"; };
		4BC5E5C01948452D0094FAB5 /* de */ = {isa = PBXFileReference; lastKnownFileType = text.plist.strings; name = de; path = de.lproj/MainMenu.strings; sourceTree = "<group>"; };
		4BC98F2B1944892A0001B9BB /* SLALinkFieldView.h */ = {isa = PBXFileReference; fileEncoding = 4; lastKnownFileType = sourcecode.c.h; name = SLALinkFieldView.h; path = Classes/SLALinkFieldView.h; sourceTree = "<group>"; };
		4BC98F2C1944892A0001B9BB /* SLALinkFieldView.m */ = {isa = PBXFileReference; fileEncoding = 4; lastKnownFileType = sourcecode.c.objc; name = SLALinkFieldView.m; path = Classes/SLALinkFieldView.m; sourceTree = "<group>"; };
		4BC9A28119474316006C3B44 /* Sparkle.framework */ = {isa = PBXFileReference; lastKnownFileType = wrapper.framework; path = Sparkle.framework; sourceTree = "<group>"; };
		4BCA997119348D790023D906 /* DSMWindowController.h */ = {isa = PBXFileReference; fileEncoding = 4; lastKnownFileType = sourcecode.c.h; name = DSMWindowController.h; path = Classes/DSMWindowController.h; sourceTree = "<group>"; };
		4BCA997219348D790023D906 /* DSMWindowController.m */ = {isa = PBXFileReference; fileEncoding = 4; lastKnownFileType = sourcecode.c.objc; name = DSMWindowController.m; path = Classes/DSMWindowController.m; sourceTree = "<group>"; };
		4BCA997619354BCF0023D906 /* DSMAboutWindowController.h */ = {isa = PBXFileReference; fileEncoding = 4; lastKnownFileType = sourcecode.c.h; name = DSMAboutWindowController.h; path = Classes/DSMAboutWindowController.h; sourceTree = "<group>"; };
		4BCA997719354BCF0023D906 /* DSMAboutWindowController.m */ = {isa = PBXFileReference; fileEncoding = 4; lastKnownFileType = sourcecode.c.objc; name = DSMAboutWindowController.m; path = Classes/DSMAboutWindowController.m; sourceTree = "<group>"; };
		4BD5E7C61933E5DF0032FC86 /* Magnet.icns */ = {isa = PBXFileReference; lastKnownFileType = image.icns; path = Magnet.icns; sourceTree = "<group>"; };
/* End PBXFileReference section */

/* Begin PBXFrameworksBuildPhase section */
		4B5315031924CA0600085143 /* Frameworks */ = {
			isa = PBXFrameworksBuildPhase;
			buildActionMask = 2147483647;
			files = (
				4B53150A1924CA0600085143 /* Cocoa.framework in Frameworks */,
				4BC9A28219474316006C3B44 /* Sparkle.framework in Frameworks */,
			);
			runOnlyForDeploymentPostprocessing = 0;
		};
		4B5315241924CA0600085143 /* Frameworks */ = {
			isa = PBXFrameworksBuildPhase;
			buildActionMask = 2147483647;
			files = (
				4B53152A1924CA0600085143 /* Cocoa.framework in Frameworks */,
				4B5315291924CA0600085143 /* XCTest.framework in Frameworks */,
			);
			runOnlyForDeploymentPostprocessing = 0;
		};
/* End PBXFrameworksBuildPhase section */

/* Begin PBXGroup section */
		4B5314FD1924CA0600085143 = {
			isa = PBXGroup;
			children = (
				4B03D301192630A0001293B9 /* TODO.md */,
				4B03D2FF1926227F001293B9 /* DSMenu.icns */,
				4BD5E7C61933E5DF0032FC86 /* Magnet.icns */,
				4B85E831193A16AD00214CB5 /* Torrent.icns */,
				4B53150F1924CA0600085143 /* DSMenu */,
				4B53152D1924CA0600085143 /* DSMenuTests */,
				4B5315081924CA0600085143 /* Frameworks */,
				4B5315071924CA0600085143 /* Products */,
			);
			sourceTree = "<group>";
		};
		4B5315071924CA0600085143 /* Products */ = {
			isa = PBXGroup;
			children = (
				4B5315061924CA0600085143 /* DSMenu.app */,
				4B5315271924CA0600085143 /* DSMenuTests.xctest */,
			);
			name = Products;
			sourceTree = "<group>";
		};
		4B5315081924CA0600085143 /* Frameworks */ = {
			isa = PBXGroup;
			children = (
				4BC9A28119474316006C3B44 /* Sparkle.framework */,
				4B5315091924CA0600085143 /* Cocoa.framework */,
				4B5315281924CA0600085143 /* XCTest.framework */,
				4B53150B1924CA0600085143 /* Other Frameworks */,
			);
			name = Frameworks;
			sourceTree = "<group>";
		};
		4B53150B1924CA0600085143 /* Other Frameworks */ = {
			isa = PBXGroup;
			children = (
				4B53150C1924CA0600085143 /* AppKit.framework */,
				4B53150D1924CA0600085143 /* CoreData.framework */,
				4B53150E1924CA0600085143 /* Foundation.framework */,
			);
			name = "Other Frameworks";
			sourceTree = "<group>";
		};
		4B53150F1924CA0600085143 /* DSMenu */ = {
			isa = PBXGroup;
			children = (
				4BCA997619354BCF0023D906 /* DSMAboutWindowController.h */,
				4BCA997719354BCF0023D906 /* DSMAboutWindowController.m */,
				4B53151B1924CA0600085143 /* DSMAppDelegate.h */,
				4B53151C1924CA0600085143 /* DSMAppDelegate.m */,
				4B3C0AF2192550650076B3A1 /* DSMConnector.h */,
				4B3C0AF3192550650076B3A1 /* DSMConnector.m */,
				4BC5E5B8194842080094FAB5 /* Localizable.strings */,
				4B0714AF1927F2D1004F3128 /* DSMLoginWindowController.h */,
				4B0714B01927F2D1004F3128 /* DSMLoginWindowController.m */,
				4B2C28611931EC0A00BF9974 /* DSMOpenURLWindowController.h */,
				4B2C28621931EC0A00BF9974 /* DSMOpenURLWindowController.m */,
				4BCA997119348D790023D906 /* DSMWindowController.h */,
				4BCA997219348D790023D906 /* DSMWindowController.m */,
				4B53151E1924CA0600085143 /* MainMenu.xib */,
				4B812C94194071BE004FD60A /* SLAIntegerTransformer.h */,
				4B812C95194071BE004FD60A /* SLAIntegerTransformer.m */,
				4BC98F2B1944892A0001B9BB /* SLALinkFieldView.h */,
				4BC98F2C1944892A0001B9BB /* SLALinkFieldView.m */,
				4B5315211924CA0600085143 /* Images.xcassets */,
				4B5315101924CA0600085143 /* Supporting Files */,
			);
			path = DSMenu;
			sourceTree = "<group>";
		};
		4B5315101924CA0600085143 /* Supporting Files */ = {
			isa = PBXGroup;
			children = (
				4B3C0AF51925517B0076B3A1 /* DSMenu.entitlements */,
				4B5315111924CA0600085143 /* DSMenu-Info.plist */,
				4B5315121924CA0600085143 /* InfoPlist.strings */,
				4B5315151924CA0600085143 /* main.m */,
				4B5315171924CA0600085143 /* DSMenu-Prefix.pch */,
			);
			name = "Supporting Files";
			sourceTree = "<group>";
		};
		4B53152D1924CA0600085143 /* DSMenuTests */ = {
			isa = PBXGroup;
			children = (
				4B5315331924CA0600085143 /* DSMenuTests.m */,
				4B53152E1924CA0600085143 /* Supporting Files */,
			);
			path = DSMenuTests;
			sourceTree = "<group>";
		};
		4B53152E1924CA0600085143 /* Supporting Files */ = {
			isa = PBXGroup;
			children = (
				4B53152F1924CA0600085143 /* DSMenuTests-Info.plist */,
				4B5315301924CA0600085143 /* InfoPlist.strings */,
			);
			name = "Supporting Files";
			sourceTree = "<group>";
		};
/* End PBXGroup section */

/* Begin PBXNativeTarget section */
		4B5315051924CA0600085143 /* DSMenu */ = {
			isa = PBXNativeTarget;
			buildConfigurationList = 4B5315371924CA0600085143 /* Build configuration list for PBXNativeTarget "DSMenu" */;
			buildPhases = (
				4B5315021924CA0600085143 /* Sources */,
				4B5315031924CA0600085143 /* Frameworks */,
				4B5315041924CA0600085143 /* Resources */,
				4BC9A283194746A6006C3B44 /* CopyFiles */,
			);
			buildRules = (
			);
			dependencies = (
			);
			name = DSMenu;
			productName = DSMenu;
			productReference = 4B5315061924CA0600085143 /* DSMenu.app */;
			productType = "com.apple.product-type.application";
		};
		4B5315261924CA0600085143 /* DSMenuTests */ = {
			isa = PBXNativeTarget;
			buildConfigurationList = 4B53153A1924CA0600085143 /* Build configuration list for PBXNativeTarget "DSMenuTests" */;
			buildPhases = (
				4B5315231924CA0600085143 /* Sources */,
				4B5315241924CA0600085143 /* Frameworks */,
				4B5315251924CA0600085143 /* Resources */,
			);
			buildRules = (
			);
			dependencies = (
				4B53152C1924CA0600085143 /* PBXTargetDependency */,
			);
			name = DSMenuTests;
			productName = DSMenuTests;
			productReference = 4B5315271924CA0600085143 /* DSMenuTests.xctest */;
			productType = "com.apple.product-type.bundle.unit-test";
		};
/* End PBXNativeTarget section */

/* Begin PBXProject section */
		4B5314FE1924CA0600085143 /* Project object */ = {
			isa = PBXProject;
			attributes = {
				CLASSPREFIX = DSM;
				LastUpgradeCheck = 1300;
				ORGANIZATIONNAME = "Spider Lab";
				TargetAttributes = {
					4B5315051924CA0600085143 = {
						DevelopmentTeam = F27CVJNWXK;
						SystemCapabilities = {
							com.apple.Sandbox = {
								enabled = 0;
							};
						};
					};
					4B5315261924CA0600085143 = {
						TestTargetID = 4B5315051924CA0600085143;
					};
				};
			};
			buildConfigurationList = 4B5315011924CA0600085143 /* Build configuration list for PBXProject "DSMenu" */;
			compatibilityVersion = "Xcode 3.2";
			developmentRegion = en;
			hasScannedForEncodings = 0;
			knownRegions = (
				en,
				Base,
				de,
			);
			mainGroup = 4B5314FD1924CA0600085143;
			productRefGroup = 4B5315071924CA0600085143 /* Products */;
			projectDirPath = "";
			projectRoot = "";
			targets = (
				4B5315051924CA0600085143 /* DSMenu */,
				4B5315261924CA0600085143 /* DSMenuTests */,
			);
		};
/* End PBXProject section */

/* Begin PBXResourcesBuildPhase section */
		4B5315041924CA0600085143 /* Resources */ = {
			isa = PBXResourcesBuildPhase;
			buildActionMask = 2147483647;
			files = (
				4B03D302192630A0001293B9 /* TODO.md in Resources */,
				4B5315141924CA0600085143 /* InfoPlist.strings in Resources */,
				4B03D3001926227F001293B9 /* DSMenu.icns in Resources */,
				4B5315221924CA0600085143 /* Images.xcassets in Resources */,
				4BC5E5B6194842080094FAB5 /* Localizable.strings in Resources */,
				4B85E832193A16AD00214CB5 /* Torrent.icns in Resources */,
				4B5315201924CA0600085143 /* MainMenu.xib in Resources */,
				4BD5E7C71933E5DF0032FC86 /* Magnet.icns in Resources */,
			);
			runOnlyForDeploymentPostprocessing = 0;
		};
		4B5315251924CA0600085143 /* Resources */ = {
			isa = PBXResourcesBuildPhase;
			buildActionMask = 2147483647;
			files = (
				4B5315321924CA0600085143 /* InfoPlist.strings in Resources */,
			);
			runOnlyForDeploymentPostprocessing = 0;
		};
/* End PBXResourcesBuildPhase section */

/* Begin PBXSourcesBuildPhase section */
		4B5315021924CA0600085143 /* Sources */ = {
			isa = PBXSourcesBuildPhase;
			buildActionMask = 2147483647;
			files = (
				4BC98F2D1944892A0001B9BB /* SLALinkFieldView.m in Sources */,
				4B0714B11927F2D1004F3128 /* DSMLoginWindowController.m in Sources */,
				4B3C0AF4192550650076B3A1 /* DSMConnector.m in Sources */,
				4B812C96194071BE004FD60A /* SLAIntegerTransformer.m in Sources */,
				4B2C28641931EC0A00BF9974 /* DSMOpenURLWindowController.m in Sources */,
				4BCA997819354BCF0023D906 /* DSMAboutWindowController.m in Sources */,
				4B5315161924CA0600085143 /* main.m in Sources */,
				4BCA997419348D790023D906 /* DSMWindowController.m in Sources */,
				4B53151D1924CA0600085143 /* DSMAppDelegate.m in Sources */,
			);
			runOnlyForDeploymentPostprocessing = 0;
		};
		4B5315231924CA0600085143 /* Sources */ = {
			isa = PBXSourcesBuildPhase;
			buildActionMask = 2147483647;
			files = (
				4B5315341924CA0600085143 /* DSMenuTests.m in Sources */,
			);
			runOnlyForDeploymentPostprocessing = 0;
		};
/* End PBXSourcesBuildPhase section */

/* Begin PBXTargetDependency section */
		4B53152C1924CA0600085143 /* PBXTargetDependency */ = {
			isa = PBXTargetDependency;
			target = 4B5315051924CA0600085143 /* DSMenu */;
			targetProxy = 4B53152B1924CA0600085143 /* PBXContainerItemProxy */;
		};
/* End PBXTargetDependency section */

/* Begin PBXVariantGroup section */
		4B5315121924CA0600085143 /* InfoPlist.strings */ = {
			isa = PBXVariantGroup;
			children = (
				4B5315131924CA0600085143 /* en */,
				4BC5E5BB194842C80094FAB5 /* de */,
			);
			name = InfoPlist.strings;
			sourceTree = "<group>";
		};
		4B53151E1924CA0600085143 /* MainMenu.xib */ = {
			isa = PBXVariantGroup;
			children = (
				4B53151F1924CA0600085143 /* Base */,
				4BC5E5BE1948443F0094FAB5 /* en */,
				4BC5E5C01948452D0094FAB5 /* de */,
			);
			name = MainMenu.xib;
			sourceTree = "<group>";
		};
		4B5315301924CA0600085143 /* InfoPlist.strings */ = {
			isa = PBXVariantGroup;
			children = (
				4B5315311924CA0600085143 /* en */,
				4BC5E5BC194842C80094FAB5 /* de */,
			);
			name = InfoPlist.strings;
			sourceTree = "<group>";
		};
		4BC5E5B8194842080094FAB5 /* Localizable.strings */ = {
			isa = PBXVariantGroup;
			children = (
				4BC5E5B7194842080094FAB5 /* en */,
				4BC5E5BA194842C80094FAB5 /* de */,
			);
			name = Localizable.strings;
			sourceTree = "<group>";
		};
/* End PBXVariantGroup section */

/* Begin XCBuildConfiguration section */
		4B5315351924CA0600085143 /* Debug */ = {
			isa = XCBuildConfiguration;
			buildSettings = {
				ALWAYS_SEARCH_USER_PATHS = NO;
				CLANG_ANALYZER_LOCALIZABILITY_NONLOCALIZED = YES;
				CLANG_CXX_LANGUAGE_STANDARD = "compiler-default";
				CLANG_CXX_LIBRARY = "compiler-default";
				CLANG_ENABLE_MODULES = YES;
				CLANG_ENABLE_OBJC_ARC = YES;
				CLANG_WARN_BLOCK_CAPTURE_AUTORELEASING = YES;
				CLANG_WARN_BOOL_CONVERSION = YES;
				CLANG_WARN_COMMA = YES;
				CLANG_WARN_CONSTANT_CONVERSION = YES;
				CLANG_WARN_DEPRECATED_OBJC_IMPLEMENTATIONS = YES;
				CLANG_WARN_DIRECT_OBJC_ISA_USAGE = YES_ERROR;
				CLANG_WARN_EMPTY_BODY = YES;
				CLANG_WARN_ENUM_CONVERSION = YES;
				CLANG_WARN_INFINITE_RECURSION = YES;
				CLANG_WARN_INT_CONVERSION = YES;
				CLANG_WARN_NON_LITERAL_NULL_CONVERSION = YES;
				CLANG_WARN_OBJC_IMPLICIT_RETAIN_SELF = YES;
				CLANG_WARN_OBJC_LITERAL_CONVERSION = YES;
				CLANG_WARN_OBJC_ROOT_CLASS = YES_ERROR;
				CLANG_WARN_QUOTED_INCLUDE_IN_FRAMEWORK_HEADER = YES;
				CLANG_WARN_RANGE_LOOP_ANALYSIS = YES;
				CLANG_WARN_STRICT_PROTOTYPES = YES;
				CLANG_WARN_SUSPICIOUS_MOVE = YES;
				CLANG_WARN_UNREACHABLE_CODE = YES;
				CLANG_WARN__DUPLICATE_METHOD_MATCH = YES;
				COPY_PHASE_STRIP = NO;
				ENABLE_STRICT_OBJC_MSGSEND = YES;
				ENABLE_TESTABILITY = YES;
				GCC_C_LANGUAGE_STANDARD = "compiler-default";
				GCC_DYNAMIC_NO_PIC = NO;
				GCC_ENABLE_OBJC_EXCEPTIONS = YES;
				GCC_NO_COMMON_BLOCKS = YES;
				GCC_OPTIMIZATION_LEVEL = 0;
				GCC_PREPROCESSOR_DEFINITIONS = (
					"DEBUG=1",
					"$(inherited)",
				);
				GCC_SYMBOLS_PRIVATE_EXTERN = NO;
				GCC_WARN_64_TO_32_BIT_CONVERSION = YES;
				GCC_WARN_ABOUT_RETURN_TYPE = YES_ERROR;
				GCC_WARN_UNDECLARED_SELECTOR = YES;
				GCC_WARN_UNINITIALIZED_AUTOS = YES_AGGRESSIVE;
				GCC_WARN_UNUSED_FUNCTION = YES;
				GCC_WARN_UNUSED_VARIABLE = YES;
				MACOSX_DEPLOYMENT_TARGET = 10.9;
				ONLY_ACTIVE_ARCH = YES;
				SDKROOT = macosx;
			};
			name = Debug;
		};
		4B5315361924CA0600085143 /* Release */ = {
			isa = XCBuildConfiguration;
			buildSettings = {
				ALWAYS_SEARCH_USER_PATHS = NO;
				CLANG_ANALYZER_LOCALIZABILITY_NONLOCALIZED = YES;
				CLANG_CXX_LANGUAGE_STANDARD = "compiler-default";
				CLANG_CXX_LIBRARY = "compiler-default";
				CLANG_ENABLE_MODULES = YES;
				CLANG_ENABLE_OBJC_ARC = YES;
				CLANG_WARN_BLOCK_CAPTURE_AUTORELEASING = YES;
				CLANG_WARN_BOOL_CONVERSION = YES;
				CLANG_WARN_COMMA = YES;
				CLANG_WARN_CONSTANT_CONVERSION = YES;
				CLANG_WARN_DEPRECATED_OBJC_IMPLEMENTATIONS = YES;
				CLANG_WARN_DIRECT_OBJC_ISA_USAGE = YES_ERROR;
				CLANG_WARN_EMPTY_BODY = YES;
				CLANG_WARN_ENUM_CONVERSION = YES;
				CLANG_WARN_INFINITE_RECURSION = YES;
				CLANG_WARN_INT_CONVERSION = YES;
				CLANG_WARN_NON_LITERAL_NULL_CONVERSION = YES;
				CLANG_WARN_OBJC_IMPLICIT_RETAIN_SELF = YES;
				CLANG_WARN_OBJC_LITERAL_CONVERSION = YES;
				CLANG_WARN_OBJC_ROOT_CLASS = YES_ERROR;
				CLANG_WARN_QUOTED_INCLUDE_IN_FRAMEWORK_HEADER = YES;
				CLANG_WARN_RANGE_LOOP_ANALYSIS = YES;
				CLANG_WARN_STRICT_PROTOTYPES = YES;
				CLANG_WARN_SUSPICIOUS_MOVE = YES;
				CLANG_WARN_UNREACHABLE_CODE = YES;
				CLANG_WARN__DUPLICATE_METHOD_MATCH = YES;
				COPY_PHASE_STRIP = NO;
				DEBUG_INFORMATION_FORMAT = "dwarf-with-dsym";
				ENABLE_NS_ASSERTIONS = NO;
				ENABLE_STRICT_OBJC_MSGSEND = YES;
				GCC_C_LANGUAGE_STANDARD = "compiler-default";
				GCC_ENABLE_OBJC_EXCEPTIONS = YES;
				GCC_NO_COMMON_BLOCKS = YES;
				GCC_WARN_64_TO_32_BIT_CONVERSION = YES;
				GCC_WARN_ABOUT_RETURN_TYPE = YES_ERROR;
				GCC_WARN_UNDECLARED_SELECTOR = YES;
				GCC_WARN_UNINITIALIZED_AUTOS = YES_AGGRESSIVE;
				GCC_WARN_UNUSED_FUNCTION = YES;
				GCC_WARN_UNUSED_VARIABLE = YES;
				MACOSX_DEPLOYMENT_TARGET = 10.9;
				SDKROOT = macosx;
			};
			name = Release;
		};
		4B5315381924CA0600085143 /* Debug */ = {
			isa = XCBuildConfiguration;
			buildSettings = {
				ASSETCATALOG_COMPILER_APPICON_NAME = AppIcon;
				CODE_SIGN_IDENTITY = "Apple Development";
				COMBINE_HIDPI_IMAGES = YES;
				CURRENT_PROJECT_VERSION = 1.0.3;
				ENABLE_HARDENED_RUNTIME = YES;
				FRAMEWORK_SEARCH_PATHS = (
					"$(inherited)",
					"$(PROJECT_DIR)",
				);
				GCC_PRECOMPILE_PREFIX_HEADER = YES;
				GCC_PREFIX_HEADER = "DSMenu/DSMenu-Prefix.pch";
				INFOPLIST_FILE = "DSMenu/DSMenu-Info.plist";
				MARKETING_VERSION = 1.0.3;
				PRODUCT_BUNDLE_IDENTIFIER = "at.spiderlab.${PRODUCT_NAME:rfc1034identifier}";
				PRODUCT_NAME = "$(TARGET_NAME)";
				WRAPPER_EXTENSION = app;
			};
			name = Debug;
		};
		4B5315391924CA0600085143 /* Release */ = {
			isa = XCBuildConfiguration;
			buildSettings = {
				ASSETCATALOG_COMPILER_APPICON_NAME = AppIcon;
				CODE_SIGN_IDENTITY = "Apple Development";
				COMBINE_HIDPI_IMAGES = YES;
				CURRENT_PROJECT_VERSION = 1.0.3;
				ENABLE_HARDENED_RUNTIME = YES;
				FRAMEWORK_SEARCH_PATHS = (
					"$(inherited)",
					"$(PROJECT_DIR)",
				);
				GCC_PRECOMPILE_PREFIX_HEADER = YES;
				GCC_PREFIX_HEADER = "DSMenu/DSMenu-Prefix.pch";
				INFOPLIST_FILE = "DSMenu/DSMenu-Info.plist";
				MARKETING_VERSION = 1.0.3;
				PRODUCT_BUNDLE_IDENTIFIER = "at.spiderlab.${PRODUCT_NAME:rfc1034identifier}";
				PRODUCT_NAME = "$(TARGET_NAME)";
				WRAPPER_EXTENSION = app;
			};
			name = Release;
		};
		4B53153B1924CA0600085143 /* Debug */ = {
			isa = XCBuildConfiguration;
			buildSettings = {
				BUNDLE_LOADER = "$(BUILT_PRODUCTS_DIR)/DSMenu.app/Contents/MacOS/DSMenu";
				COMBINE_HIDPI_IMAGES = YES;
				FRAMEWORK_SEARCH_PATHS = (
					"$(DEVELOPER_FRAMEWORKS_DIR)",
					"$(inherited)",
				);
				GCC_PRECOMPILE_PREFIX_HEADER = YES;
				GCC_PREFIX_HEADER = "DSMenu/DSMenu-Prefix.pch";
				GCC_PREPROCESSOR_DEFINITIONS = (
					"DEBUG=1",
					"$(inherited)",
				);
				INFOPLIST_FILE = "DSMenuTests/DSMenuTests-Info.plist";
				PRODUCT_BUNDLE_IDENTIFIER = "at.spiderlab.${PRODUCT_NAME:rfc1034identifier}";
				PRODUCT_NAME = "$(TARGET_NAME)";
				TEST_HOST = "$(BUNDLE_LOADER)";
				WRAPPER_EXTENSION = xctest;
			};
			name = Debug;
		};
		4B53153C1924CA0600085143 /* Release */ = {
			isa = XCBuildConfiguration;
			buildSettings = {
				BUNDLE_LOADER = "$(BUILT_PRODUCTS_DIR)/DSMenu.app/Contents/MacOS/DSMenu";
				COMBINE_HIDPI_IMAGES = YES;
				FRAMEWORK_SEARCH_PATHS = (
					"$(DEVELOPER_FRAMEWORKS_DIR)",
					"$(inherited)",
				);
				GCC_PRECOMPILE_PREFIX_HEADER = YES;
				GCC_PREFIX_HEADER = "DSMenu/DSMenu-Prefix.pch";
				INFOPLIST_FILE = "DSMenuTests/DSMenuTests-Info.plist";
				PRODUCT_BUNDLE_IDENTIFIER = "at.spiderlab.${PRODUCT_NAME:rfc1034identifier}";
				PRODUCT_NAME = "$(TARGET_NAME)";
				TEST_HOST = "$(BUNDLE_LOADER)";
				WRAPPER_EXTENSION = xctest;
			};
			name = Release;
		};
/* End XCBuildConfiguration section */

/* Begin XCConfigurationList section */
		4B5315011924CA0600085143 /* Build configuration list for PBXProject "DSMenu" */ = {
			isa = XCConfigurationList;
			buildConfigurations = (
				4B5315351924CA0600085143 /* Debug */,
				4B5315361924CA0600085143 /* Release */,
			);
			defaultConfigurationIsVisible = 0;
			defaultConfigurationName = Release;
		};
		4B5315371924CA0600085143 /* Build configuration list for PBXNativeTarget "DSMenu" */ = {
			isa = XCConfigurationList;
			buildConfigurations = (
				4B5315381924CA0600085143 /* Debug */,
				4B5315391924CA0600085143 /* Release */,
			);
			defaultConfigurationIsVisible = 0;
			defaultConfigurationName = Release;
		};
		4B53153A1924CA0600085143 /* Build configuration list for PBXNativeTarget "DSMenuTests" */ = {
			isa = XCConfigurationList;
			buildConfigurations = (
				4B53153B1924CA0600085143 /* Debug */,
				4B53153C1924CA0600085143 /* Release */,
			);
			defaultConfigurationIsVisible = 0;
			defaultConfigurationName = Release;
		};
/* End XCConfigurationList section */
	};
	rootObject = 4B5314FE1924CA0600085143 /* Project object */;
}
